
Microsoft Visual Studio Solution File, Format Version 12.00
# Visual Studio 14
VisualStudioVersion = 14.0.24720.0
MinimumVisualStudioVersion = 10.0.40219.1
Project("{FAE04EC0-301F-11D3-BF4B-00C04F79EFBC}") = "MemoryGame.Core", "MemoryGame.Core\MemoryGame.Core.csproj", "{4C56974B-7F3E-4934-96D4-8C6277B0619F}"
EndProject
Project("{FAE04EC0-301F-11D3-BF4B-00C04F79EFBC}") = "MemoryGame.Core.Tests", "MemoryGame.Core.Tests\MemoryGame.Core.Tests.csproj", "{C435D141-8A7F-4AAB-969A-554D0F7DC3FB}"
EndProject
Project("{FAE04EC0-301F-11D3-BF4B-00C04F79EFBC}") = "MemoryGame.WindowsPhone", "MemoryGame.WindowsPhone\MemoryGame.WindowsPhone.csproj", "{D88C5672-9C3D-4AB8-B32F-E7C68FE6ED8B}"
EndProject
Global
	GlobalSection(SolutionConfigurationPlatforms) = preSolution
		Debug|Any CPU = Debug|Any CPU
		Debug|ARM = Debug|ARM
		Debug|x86 = Debug|x86
		Release|Any CPU = Release|Any CPU
		Release|ARM = Release|ARM
		Release|x86 = Release|x86
	EndGlobalSection
	GlobalSection(ProjectConfigurationPlatforms) = postSolution
		{4C56974B-7F3E-4934-96D4-8C6277B0619F}.Debug|Any CPU.ActiveCfg = Debug|Any CPU
		{4C56974B-7F3E-4934-96D4-8C6277B0619F}.Debug|Any CPU.Build.0 = Debug|Any CPU
		{4C56974B-7F3E-4934-96D4-8C6277B0619F}.Debug|ARM.ActiveCfg = Debug|Any CPU
		{4C56974B-7F3E-4934-96D4-8C6277B0619F}.Debug|ARM.Build.0 = Debug|Any CPU
		{4C56974B-7F3E-4934-96D4-8C6277B0619F}.Debug|x86.ActiveCfg = Debug|Any CPU
		{4C56974B-7F3E-4934-96D4-8C6277B0619F}.Debug|x86.Build.0 = Debug|Any CPU
		{4C56974B-7F3E-4934-96D4-8C6277B0619F}.Release|Any CPU.ActiveCfg = Release|Any CPU
		{4C56974B-7F3E-4934-96D4-8C6277B0619F}.Release|Any CPU.Build.0 = Release|Any CPU
		{4C56974B-7F3E-4934-96D4-8C6277B0619F}.Release|ARM.ActiveCfg = Release|Any CPU
		{4C56974B-7F3E-4934-96D4-8C6277B0619F}.Release|ARM.Build.0 = Release|Any CPU
		{4C56974B-7F3E-4934-96D4-8C6277B0619F}.Release|x86.ActiveCfg = Release|Any CPU
		{4C56974B-7F3E-4934-96D4-8C6277B0619F}.Release|x86.Build.0 = Release|Any CPU
		{C435D141-8A7F-4AAB-969A-554D0F7DC3FB}.Debug|Any CPU.ActiveCfg = Debug|Any CPU
		{C435D141-8A7F-4AAB-969A-554D0F7DC3FB}.Debug|Any CPU.Build.0 = Debug|Any CPU
		{C435D141-8A7F-4AAB-969A-554D0F7DC3FB}.Debug|ARM.ActiveCfg = Debug|Any CPU
		{C435D141-8A7F-4AAB-969A-554D0F7DC3FB}.Debug|ARM.Build.0 = Debug|Any CPU
		{C435D141-8A7F-4AAB-969A-554D0F7DC3FB}.Debug|x86.ActiveCfg = Debug|Any CPU
		{C435D141-8A7F-4AAB-969A-554D0F7DC3FB}.Debug|x86.Build.0 = Debug|Any CPU
		{C435D141-8A7F-4AAB-969A-554D0F7DC3FB}.Release|Any CPU.ActiveCfg = Release|Any CPU
		{C435D141-8A7F-4AAB-969A-554D0F7DC3FB}.Release|Any CPU.Build.0 = Release|Any CPU
		{C435D141-8A7F-4AAB-969A-554D0F7DC3FB}.Release|ARM.ActiveCfg = Release|Any CPU
		{C435D141-8A7F-4AAB-969A-554D0F7DC3FB}.Release|ARM.Build.0 = Release|Any CPU
		{C435D141-8A7F-4AAB-969A-554D0F7DC3FB}.Release|x86.ActiveCfg = Release|Any CPU
		{C435D141-8A7F-4AAB-969A-554D0F7DC3FB}.Release|x86.Build.0 = Release|Any CPU
		{D88C5672-9C3D-4AB8-B32F-E7C68FE6ED8B}.Debug|Any CPU.ActiveCfg = Debug|Any CPU
		{D88C5672-9C3D-4AB8-B32F-E7C68FE6ED8B}.Debug|Any CPU.Build.0 = Debug|Any CPU
		{D88C5672-9C3D-4AB8-B32F-E7C68FE6ED8B}.Debug|Any CPU.Deploy.0 = Debug|Any CPU
		{D88C5672-9C3D-4AB8-B32F-E7C68FE6ED8B}.Debug|ARM.ActiveCfg = Debug|ARM
		{D88C5672-9C3D-4AB8-B32F-E7C68FE6ED8B}.Debug|ARM.Build.0 = Debug|ARM
		{D88C5672-9C3D-4AB8-B32F-E7C68FE6ED8B}.Debug|ARM.Deploy.0 = Debug|ARM
		{D88C5672-9C3D-4AB8-B32F-E7C68FE6ED8B}.Debug|x86.ActiveCfg = Debug|x86
		{D88C5672-9C3D-4AB8-B32F-E7C68FE6ED8B}.Debug|x86.Build.0 = Debug|x86
		{D88C5672-9C3D-4AB8-B32F-E7C68FE6ED8B}.Debug|x86.Deploy.0 = Debug|x86
		{D88C5672-9C3D-4AB8-B32F-E7C68FE6ED8B}.Release|Any CPU.ActiveCfg = Release|Any CPU
		{D88C5672-9C3D-4AB8-B32F-E7C68FE6ED8B}.Release|Any CPU.Build.0 = Release|Any CPU
		{D88C5672-9C3D-4AB8-B32F-E7C68FE6ED8B}.Release|Any CPU.Deploy.0 = Release|Any CPU
		{D88C5672-9C3D-4AB8-B32F-E7C68FE6ED8B}.Release|ARM.ActiveCfg = Release|ARM
		{D88C5672-9C3D-4AB8-B32F-E7C68FE6ED8B}.Release|ARM.Build.0 = Release|ARM
		{D88C5672-9C3D-4AB8-B32F-E7C68FE6ED8B}.Release|ARM.Deploy.0 = Release|ARM
		{D88C5672-9C3D-4AB8-B32F-E7C68FE6ED8B}.Release|x86.ActiveCfg = Release|x86
		{D88C5672-9C3D-4AB8-B32F-E7C68FE6ED8B}.Release|x86.Build.0 = Release|x86
		{D88C5672-9C3D-4AB8-B32F-E7C68FE6ED8B}.Release|x86.Deploy.0 = Release|x86
	EndGlobalSection
	GlobalSection(SolutionProperties) = preSolution
		HideSolutionNode = FALSE
	EndGlobalSection
EndGlobal
